lockfileVersion: '9.0'

settings:
  autoInstallPeers: true
  excludeLinksFromLockfile: false

importers:

  .:
    dependencies:
      '@bearcove/home-base':
        specifier: ^12.0.2
        version: 12.1.0
      svelte:
        specifier: ^5.28.2
        version: 5.36.17
    devDependencies:
      '@sveltejs/vite-plugin-svelte':
        specifier: ^6.0.0
        version: 6.1.0(svelte@5.36.17)(vite@7.0.6(sass-embedded@1.89.2))
      '@tsconfig/svelte':
        specifier: ^5.0.4
        version: 5.0.4
      rollup-plugin-visualizer:
        specifier: ^6.0.0
        version: 6.0.3(rollup@4.45.3)
      sass-embedded:
        specifier: ^1.87.0
        version: 1.89.2
      vite:
        specifier: ^7.0.0
        version: 7.0.6(sass-embedded@1.89.2)
      vite-plugin-top-level-await:
        specifier: ^1.5.0
        version: 1.6.0(rollup@4.45.3)(vite@7.0.6(sass-embedded@1.89.2))
      vite-plugin-wasm:
        specifier: ^3.4.1
        version: 3.5.0(vite@7.0.6(sass-embedded@1.89.2))

packages:

  '@ampproject/remapping@2.3.0':
    resolution: {integrity: sha512-30iZtAPgz+LTIYoeivqYo853f02jBYSd5uGnGpkFV0M3xOt9aN73erkgYAmZU43x4VfqcnLxW9Kpg3R5LC4YYw==}
    engines: {node: '>=6.0.0'}

  '@bearcove/home-base@12.1.0':
    resolution: {integrity: sha512-99IalDKn90fLgm7sjHSq1+r2m4PXMScMp6V5GAcuvH4fZ9e9c9y4HE86sEpWr5ucQaXVsfyxADEiDTkRdwr7yA==}

  '@bufbuild/protobuf@2.5.2':
    resolution: {integrity: sha512-foZ7qr0IsUBjzWIq+SuBLfdQCpJ1j8cTuNNT4owngTHoN5KsJb8L9t65fzz7SCeSWzescoOil/0ldqiL041ABg==}

  '@esbuild/aix-ppc64@0.25.8':
    resolution: {integrity: sha512-urAvrUedIqEiFR3FYSLTWQgLu5tb+m0qZw0NBEasUeo6wuqatkMDaRT+1uABiGXEu5vqgPd7FGE1BhsAIy9QVA==}
    engines: {node: '>=18'}
    cpu: [ppc64]
    os: [aix]

  '@esbuild/android-arm64@0.25.8':
    resolution: {integrity: sha512-OD3p7LYzWpLhZEyATcTSJ67qB5D+20vbtr6vHlHWSQYhKtzUYrETuWThmzFpZtFsBIxRvhO07+UgVA9m0i/O1w==}
    engines: {node: '>=18'}
    cpu: [arm64]
    os: [android]

  '@esbuild/android-arm@0.25.8':
    resolution: {integrity: sha512-RONsAvGCz5oWyePVnLdZY/HHwA++nxYWIX1atInlaW6SEkwq6XkP3+cb825EUcRs5Vss/lGh/2YxAb5xqc07Uw==}
    engines: {node: '>=18'}
    cpu: [arm]
    os: [android]

  '@esbuild/android-x64@0.25.8':
    resolution: {integrity: sha512-yJAVPklM5+4+9dTeKwHOaA+LQkmrKFX96BM0A/2zQrbS6ENCmxc4OVoBs5dPkCCak2roAD+jKCdnmOqKszPkjA==}
    engines: {node: '>=18'}
    cpu: [x64]
    os: [android]

  '@esbuild/darwin-arm64@0.25.8':
    resolution: {integrity: sha512-Jw0mxgIaYX6R8ODrdkLLPwBqHTtYHJSmzzd+QeytSugzQ0Vg4c5rDky5VgkoowbZQahCbsv1rT1KW72MPIkevw==}
    engines: {node: '>=18'}
    cpu: [arm64]
    os: [darwin]

  '@esbuild/darwin-x64@0.25.8':
    resolution: {integrity: sha512-Vh2gLxxHnuoQ+GjPNvDSDRpoBCUzY4Pu0kBqMBDlK4fuWbKgGtmDIeEC081xi26PPjn+1tct+Bh8FjyLlw1Zlg==}
    engines: {node: '>=18'}
    cpu: [x64]
    os: [darwin]

  '@esbuild/freebsd-arm64@0.25.8':
    resolution: {integrity: sha512-YPJ7hDQ9DnNe5vxOm6jaie9QsTwcKedPvizTVlqWG9GBSq+BuyWEDazlGaDTC5NGU4QJd666V0yqCBL2oWKPfA==}
    engines: {node: '>=18'}
    cpu: [arm64]
    os: [freebsd]

  '@esbuild/freebsd-x64@0.25.8':
    resolution: {integrity: sha512-MmaEXxQRdXNFsRN/KcIimLnSJrk2r5H8v+WVafRWz5xdSVmWLoITZQXcgehI2ZE6gioE6HirAEToM/RvFBeuhw==}
    engines: {node: '>=18'}
    cpu: [x64]
    os: [freebsd]

  '@esbuild/linux-arm64@0.25.8':
    resolution: {integrity: sha512-WIgg00ARWv/uYLU7lsuDK00d/hHSfES5BzdWAdAig1ioV5kaFNrtK8EqGcUBJhYqotlUByUKz5Qo6u8tt7iD/w==}
    engines: {node: '>=18'}
    cpu: [arm64]
    os: [linux]

  '@esbuild/linux-arm@0.25.8':
    resolution: {integrity: sha512-FuzEP9BixzZohl1kLf76KEVOsxtIBFwCaLupVuk4eFVnOZfU+Wsn+x5Ryam7nILV2pkq2TqQM9EZPsOBuMC+kg==}
    engines: {node: '>=18'}
    cpu: [arm]
    os: [linux]

  '@esbuild/linux-ia32@0.25.8':
    resolution: {integrity: sha512-A1D9YzRX1i+1AJZuFFUMP1E9fMaYY+GnSQil9Tlw05utlE86EKTUA7RjwHDkEitmLYiFsRd9HwKBPEftNdBfjg==}
    engines: {node: '>=18'}
    cpu: [ia32]
    os: [linux]

  '@esbuild/linux-loong64@0.25.8':
    resolution: {integrity: sha512-O7k1J/dwHkY1RMVvglFHl1HzutGEFFZ3kNiDMSOyUrB7WcoHGf96Sh+64nTRT26l3GMbCW01Ekh/ThKM5iI7hQ==}
    engines: {node: '>=18'}
    cpu: [loong64]
    os: [linux]

  '@esbuild/linux-mips64el@0.25.8':
    resolution: {integrity: sha512-uv+dqfRazte3BzfMp8PAQXmdGHQt2oC/y2ovwpTteqrMx2lwaksiFZ/bdkXJC19ttTvNXBuWH53zy/aTj1FgGw==}
    engines: {node: '>=18'}
    cpu: [mips64el]
    os: [linux]

  '@esbuild/linux-ppc64@0.25.8':
    resolution: {integrity: sha512-GyG0KcMi1GBavP5JgAkkstMGyMholMDybAf8wF5A70CALlDM2p/f7YFE7H92eDeH/VBtFJA5MT4nRPDGg4JuzQ==}
    engines: {node: '>=18'}
    cpu: [ppc64]
    os: [linux]

  '@esbuild/linux-riscv64@0.25.8':
    resolution: {integrity: sha512-rAqDYFv3yzMrq7GIcen3XP7TUEG/4LK86LUPMIz6RT8A6pRIDn0sDcvjudVZBiiTcZCY9y2SgYX2lgK3AF+1eg==}
    engines: {node: '>=18'}
    cpu: [riscv64]
    os: [linux]

  '@esbuild/linux-s390x@0.25.8':
    resolution: {integrity: sha512-Xutvh6VjlbcHpsIIbwY8GVRbwoviWT19tFhgdA7DlenLGC/mbc3lBoVb7jxj9Z+eyGqvcnSyIltYUrkKzWqSvg==}
    engines: {node: '>=18'}
    cpu: [s390x]
    os: [linux]

  '@esbuild/linux-x64@0.25.8':
    resolution: {integrity: sha512-ASFQhgY4ElXh3nDcOMTkQero4b1lgubskNlhIfJrsH5OKZXDpUAKBlNS0Kx81jwOBp+HCeZqmoJuihTv57/jvQ==}
    engines: {node: '>=18'}
    cpu: [x64]
    os: [linux]

  '@esbuild/netbsd-arm64@0.25.8':
    resolution: {integrity: sha512-d1KfruIeohqAi6SA+gENMuObDbEjn22olAR7egqnkCD9DGBG0wsEARotkLgXDu6c4ncgWTZJtN5vcgxzWRMzcw==}
    engines: {node: '>=18'}
    cpu: [arm64]
    os: [netbsd]

  '@esbuild/netbsd-x64@0.25.8':
    resolution: {integrity: sha512-nVDCkrvx2ua+XQNyfrujIG38+YGyuy2Ru9kKVNyh5jAys6n+l44tTtToqHjino2My8VAY6Lw9H7RI73XFi66Cg==}
    engines: {node: '>=18'}
    cpu: [x64]
    os: [netbsd]

  '@esbuild/openbsd-arm64@0.25.8':
    resolution: {integrity: sha512-j8HgrDuSJFAujkivSMSfPQSAa5Fxbvk4rgNAS5i3K+r8s1X0p1uOO2Hl2xNsGFppOeHOLAVgYwDVlmxhq5h+SQ==}
    engines: {node: '>=18'}
    cpu: [arm64]
    os: [openbsd]

  '@esbuild/openbsd-x64@0.25.8':
    resolution: {integrity: sha512-1h8MUAwa0VhNCDp6Af0HToI2TJFAn1uqT9Al6DJVzdIBAd21m/G0Yfc77KDM3uF3T/YaOgQq3qTJHPbTOInaIQ==}
    engines: {node: '>=18'}
    cpu: [x64]
    os: [openbsd]

  '@esbuild/openharmony-arm64@0.25.8':
    resolution: {integrity: sha512-r2nVa5SIK9tSWd0kJd9HCffnDHKchTGikb//9c7HX+r+wHYCpQrSgxhlY6KWV1nFo1l4KFbsMlHk+L6fekLsUg==}
    engines: {node: '>=18'}
    cpu: [arm64]
    os: [openharmony]

  '@esbuild/sunos-x64@0.25.8':
    resolution: {integrity: sha512-zUlaP2S12YhQ2UzUfcCuMDHQFJyKABkAjvO5YSndMiIkMimPmxA+BYSBikWgsRpvyxuRnow4nS5NPnf9fpv41w==}
    engines: {node: '>=18'}
    cpu: [x64]
    os: [sunos]

  '@esbuild/win32-arm64@0.25.8':
    resolution: {integrity: sha512-YEGFFWESlPva8hGL+zvj2z/SaK+pH0SwOM0Nc/d+rVnW7GSTFlLBGzZkuSU9kFIGIo8q9X3ucpZhu8PDN5A2sQ==}
    engines: {node: '>=18'}
    cpu: [arm64]
    os: [win32]

  '@esbuild/win32-ia32@0.25.8':
    resolution: {integrity: sha512-hiGgGC6KZ5LZz58OL/+qVVoZiuZlUYlYHNAmczOm7bs2oE1XriPFi5ZHHrS8ACpV5EjySrnoCKmcbQMN+ojnHg==}
    engines: {node: '>=18'}
    cpu: [ia32]
    os: [win32]

  '@esbuild/win32-x64@0.25.8':
    resolution: {integrity: sha512-cn3Yr7+OaaZq1c+2pe+8yxC8E144SReCQjN6/2ynubzYjvyqZjTXfQJpAcQpsdJq3My7XADANiYGHoFC69pLQw==}
    engines: {node: '>=18'}
    cpu: [x64]
    os: [win32]

  '@jridgewell/gen-mapping@0.3.12':
    resolution: {integrity: sha512-OuLGC46TjB5BbN1dH8JULVVZY4WTdkF7tV9Ys6wLL1rubZnCMstOhNHueU5bLCrnRuDhKPDM4g6sw4Bel5Gzqg==}

  '@jridgewell/resolve-uri@3.1.2':
    resolution: {integrity: sha512-bRISgCIjP20/tbWSPWMEi54QVPRZExkuD9lJL+UIxUKtwVJA8wW1Trb1jMs1RFXo1CBTNZ/5hpC9QvmKWdopKw==}
    engines: {node: '>=6.0.0'}

  '@jridgewell/sourcemap-codec@1.5.4':
    resolution: {integrity: sha512-VT2+G1VQs/9oz078bLrYbecdZKs912zQlkelYpuf+SXF+QvZDYJlbx/LSx+meSAwdDFnF8FVXW92AVjjkVmgFw==}

  '@jridgewell/trace-mapping@0.3.29':
    resolution: {integrity: sha512-uw6guiW/gcAGPDhLmd77/6lW8QLeiV5RUTsAX46Db6oLhGaVj4lhnPwb184s1bkc8kdVg/+h988dro8GRDpmYQ==}

  '@rollup/plugin-virtual@3.0.2':
    resolution: {integrity: sha512-10monEYsBp3scM4/ND4LNH5Rxvh3e/cVeL3jWTgZ2SrQ+BmUoQcopVQvnaMcOnykb1VkxUFuDAN+0FnpTFRy2A==}
    engines: {node: '>=14.0.0'}
    peerDependencies:
      rollup: ^1.20.0||^2.0.0||^3.0.0||^4.0.0
    peerDependenciesMeta:
      rollup:
        optional: true

  '@rollup/rollup-android-arm-eabi@4.45.3':
    resolution: {integrity: sha512-8oQkCTve4H4B4JpmD2FV7fV2ZPTxJHN//bRhCqPUU8v6c5APlxteAXyc7BFaEb4aGpUzrPLU4PoAcGhwmRzZTA==}
    cpu: [arm]
    os: [android]

  '@rollup/rollup-android-arm64@4.45.3':
    resolution: {integrity: sha512-StOsmdXHU2hx3UFTTs6yYxCSwSIgLsfjUBICXyWj625M32OOjakXlaZuGKL+jA3Nvv35+hMxrm/64eCoT07SYQ==}
    cpu: [arm64]
    os: [android]

  '@rollup/rollup-darwin-arm64@4.45.3':
    resolution: {integrity: sha512-6CfLF3eqKhCdhK0GUnR5ZS99OFz+dtOeB/uePznLKxjCsk5QjT/V0eSEBb4vj+o/ri3i35MseSEQHCLLAgClVw==}
    cpu: [arm64]
    os: [darwin]

  '@rollup/rollup-darwin-x64@4.45.3':
    resolution: {integrity: sha512-QLWyWmAJG9elNTNLdcSXUT/M+J7DhEmvs1XPHYcgYkse3UHf9iWTJ+yTPlKMIetiQnNi+cNp+gY4gvjDpREfKw==}
    cpu: [x64]
    os: [darwin]

  '@rollup/rollup-freebsd-arm64@4.45.3':
    resolution: {integrity: sha512-ZOvBq+5nL0yrZIEo1eq6r7MPvkJ8kC1XATS/yHvcq3WbDNKNKBQ1uIF4hicyzDMoJt72G+sn1nKsFXpifZyRDA==}
    cpu: [arm64]
    os: [freebsd]

  '@rollup/rollup-freebsd-x64@4.45.3':
    resolution: {integrity: sha512-AYvGR07wecEnyYSovyJ71pTOulbNvsrpRpK6i/IM1b0UGX1vFx51afYuPYPxnvE9aCl5xPnhQicEvdIMxClRgQ==}
    cpu: [x64]
    os: [freebsd]

  '@rollup/rollup-linux-arm-gnueabihf@4.45.3':
    resolution: {integrity: sha512-Yx8Cp38tfRRToVLuIWzBHV25/QPzpUreOPIiUuNV7KahNPurYg2pYQ4l7aYnvpvklO1riX4643bXLvDsYSBIrA==}
    cpu: [arm]
    os: [linux]

  '@rollup/rollup-linux-arm-musleabihf@4.45.3':
    resolution: {integrity: sha512-4dIYRNxlXGDKnO6qgcda6LxnObPO6r1OBU9HG8F9pAnHHLtfbiOqCzDvkeHknx+5mfFVH4tWOl+h+cHylwsPWA==}
    cpu: [arm]
    os: [linux]

  '@rollup/rollup-linux-arm64-gnu@4.45.3':
    resolution: {integrity: sha512-M6uVlWKmhLN7LguLDu6396K1W5IBlAaRonjlHQgc3s4dOGceu0FeBuvbXiUPYvup/6b5Ln7IEX7XNm68DN4vrg==}
    cpu: [arm64]
    os: [linux]

  '@rollup/rollup-linux-arm64-musl@4.45.3':
    resolution: {integrity: sha512-emaYiOTQJUd6fC9a6jcw9zIWtzaUiuBC+vomggaM4In2iOra/lA6IMHlqZqQZr08NYXrOPMVigreLMeSAwv3Uw==}
    cpu: [arm64]
    os: [linux]

  '@rollup/rollup-linux-loongarch64-gnu@4.45.3':
    resolution: {integrity: sha512-3P77T5AQ4UfVRJSrTKLiUZDJ6XsxeP80027bp6mOFh8sevSD038mYuIYFiUtrSJxxgFb+NgRJFF9oIa0rlUsmg==}
    cpu: [loong64]
    os: [linux]

  '@rollup/rollup-linux-ppc64-gnu@4.45.3':
    resolution: {integrity: sha512-/VPH3ZVeSlmCBPhZdx/+4dMXDjaGMhDsWOBo9EwSkGbw2+OAqaslL53Ao2OqCxR0GgYjmmssJ+OoG+qYGE7IBg==}
    cpu: [ppc64]
    os: [linux]

  '@rollup/rollup-linux-riscv64-gnu@4.45.3':
    resolution: {integrity: sha512-Hs5if0PjROl1MGMmZX3xMAIfqcGxQE2SJWUr/CpDQsOQn43Wq4IvXXxUMWtiY/BrzdqCCJlRgJ5DKxzS3qWkCw==}
    cpu: [riscv64]
    os: [linux]

  '@rollup/rollup-linux-riscv64-musl@4.45.3':
    resolution: {integrity: sha512-Qm0WOwh3Lk388+HJFl1ILGbd2iOoQf6yl4fdGqOjBzEA+5JYbLcwd+sGsZjs5pkt8Cr/1G42EiXmlRp9ZeTvFA==}
    cpu: [riscv64]
    os: [linux]

  '@rollup/rollup-linux-s390x-gnu@4.45.3':
    resolution: {integrity: sha512-VJdknTaYw+TqXzlh9c7vaVMh/fV2sU8Khfk4a9vAdYXJawpjf6z3U1k7vDWx2IQ9ZOPoOPxgVpDfYOYhxD7QUA==}
    cpu: [s390x]
    os: [linux]

  '@rollup/rollup-linux-x64-gnu@4.45.3':
    resolution: {integrity: sha512-SUDXU5YabLAMl86FpupSQQEWzVG8X0HM+Q/famnJusbPiUgQnTGuSxtxg4UAYgv1ZmRV1nioYYXsgtSokU/7+Q==}
    cpu: [x64]
    os: [linux]

  '@rollup/rollup-linux-x64-musl@4.45.3':
    resolution: {integrity: sha512-ezmqknOUFgZMN6wW+Avlo4sXF3Frswd+ncrwMz4duyZ5Eqd+dAYgJ+A1MY+12LNZ7XDhCiijJceueYvtnzdviw==}
    cpu: [x64]
    os: [linux]

  '@rollup/rollup-win32-arm64-msvc@4.45.3':
    resolution: {integrity: sha512-1YfXoUEE++gIW66zNB9Twd0Ua5xCXpfYppFUxVT/Io5ZT3fO6Se+C/Jvmh3usaIHHyi53t3kpfjydO2GAy5eBA==}
    cpu: [arm64]
    os: [win32]

  '@rollup/rollup-win32-ia32-msvc@4.45.3':
    resolution: {integrity: sha512-Iok2YA3PvC163rVZf2Zy81A0g88IUcSPeU5pOilcbICXre2EP1mxn1Db/l09Z/SK1vdSLtpJXAnwGuMOyf5O9g==}
    cpu: [ia32]
    os: [win32]

  '@rollup/rollup-win32-x64-msvc@4.45.3':
    resolution: {integrity: sha512-HwHCH5GQTOeGYP5wBEBXFVhfQecwRl24Rugoqhh8YwGarsU09bHhOKuqlyW4ZolZCan3eTUax7UJbGSmKSM51A==}
    cpu: [x64]
    os: [win32]

  '@sveltejs/acorn-typescript@1.0.5':
    resolution: {integrity: sha512-IwQk4yfwLdibDlrXVE04jTZYlLnwsTT2PIOQQGNLWfjavGifnk1JD1LcZjZaBTRcxZu2FfPfNLOE04DSu9lqtQ==}
    peerDependencies:
      acorn: ^8.9.0

  '@sveltejs/vite-plugin-svelte-inspector@5.0.0':
    resolution: {integrity: sha512-iwQ8Z4ET6ZFSt/gC+tVfcsSBHwsqc6RumSaiLUkAurW3BCpJam65cmHw0oOlDMTO0u+PZi9hilBRYN+LZNHTUQ==}
    engines: {node: ^20.19 || ^22.12 || >=24}
    peerDependencies:
      '@sveltejs/vite-plugin-svelte': ^6.0.0-next.0
      svelte: ^5.0.0
      vite: ^6.3.0 || ^7.0.0

  '@sveltejs/vite-plugin-svelte@6.1.0':
    resolution: {integrity: sha512-+U6lz1wvGEG/BvQyL4z/flyNdQ9xDNv5vrh+vWBWTHaebqT0c9RNggpZTo/XSPoHsSCWBlYaTlRX8pZ9GATXCw==}
    engines: {node: ^20.19 || ^22.12 || >=24}
    peerDependencies:
      svelte: ^5.0.0
      vite: ^6.3.0 || ^7.0.0

  '@swc/core-darwin-arm64@1.13.2':
    resolution: {integrity: sha512-44p7ivuLSGFJ15Vly4ivLJjg3ARo4879LtEBAabcHhSZygpmkP8eyjyWxrH3OxkY1eRZSIJe8yRZPFw4kPXFPw==}
    engines: {node: '>=10'}
    cpu: [arm64]
    os: [darwin]

  '@swc/core-darwin-x64@1.13.2':
    resolution: {integrity: sha512-Lb9EZi7X2XDAVmuUlBm2UvVAgSCbD3qKqDCxSI4jEOddzVOpNCnyZ/xEampdngUIyDDhhJLYU9duC+Mcsv5Y+A==}
    engines: {node: '>=10'}
    cpu: [x64]
    os: [darwin]

  '@swc/core-linux-arm-gnueabihf@1.13.2':
    resolution: {integrity: sha512-9TDe/92ee1x57x+0OqL1huG4BeljVx0nWW4QOOxp8CCK67Rpc/HHl2wciJ0Kl9Dxf2NvpNtkPvqj9+BUmM9WVA==}
    engines: {node: '>=10'}
    cpu: [arm]
    os: [linux]

  '@swc/core-linux-arm64-gnu@1.13.2':
    resolution: {integrity: sha512-KJUSl56DBk7AWMAIEcU83zl5mg3vlQYhLELhjwRFkGFMvghQvdqQ3zFOYa4TexKA7noBZa3C8fb24rI5sw9Exg==}
    engines: {node: '>=10'}
    cpu: [arm64]
    os: [linux]

  '@swc/core-linux-arm64-musl@1.13.2':
    resolution: {integrity: sha512-teU27iG1oyWpNh9CzcGQ48ClDRt/RCem7mYO7ehd2FY102UeTws2+OzLESS1TS1tEZipq/5xwx3FzbVgiolCiQ==}
    engines: {node: '>=10'}
    cpu: [arm64]
    os: [linux]

  '@swc/core-linux-x64-gnu@1.13.2':
    resolution: {integrity: sha512-dRPsyPyqpLD0HMRCRpYALIh4kdOir8pPg4AhNQZLehKowigRd30RcLXGNVZcc31Ua8CiPI4QSgjOIxK+EQe4LQ==}
    engines: {node: '>=10'}
    cpu: [x64]
    os: [linux]

  '@swc/core-linux-x64-musl@1.13.2':
    resolution: {integrity: sha512-CCxETW+KkYEQDqz1SYC15YIWYheqFC+PJVOW76Maa/8yu8Biw+HTAcblKf2isrlUtK8RvrQN94v3UXkC2NzCEw==}
    engines: {node: '>=10'}
    cpu: [x64]
    os: [linux]

  '@swc/core-win32-arm64-msvc@1.13.2':
    resolution: {integrity: sha512-Wv/QTA6PjyRLlmKcN6AmSI4jwSMRl0VTLGs57PHTqYRwwfwd7y4s2fIPJVBNbAlXd795dOEP6d/bGSQSyhOX3A==}
    engines: {node: '>=10'}
    cpu: [arm64]
    os: [win32]

  '@swc/core-win32-ia32-msvc@1.13.2':
    resolution: {integrity: sha512-PuCdtNynEkUNbUXX/wsyUC+t4mamIU5y00lT5vJcAvco3/r16Iaxl5UCzhXYaWZSNVZMzPp9qN8NlSL8M5pPxw==}
    engines: {node: '>=10'}
    cpu: [ia32]
    os: [win32]

  '@swc/core-win32-x64-msvc@1.13.2':
    resolution: {integrity: sha512-qlmMkFZJus8cYuBURx1a3YAG2G7IW44i+FEYV5/32ylKkzGNAr9tDJSA53XNnNXkAB5EXSPsOz7bn5C3JlEtdQ==}
    engines: {node: '>=10'}
    cpu: [x64]
    os: [win32]

  '@swc/core@1.13.2':
    resolution: {integrity: sha512-YWqn+0IKXDhqVLKoac4v2tV6hJqB/wOh8/Br8zjqeqBkKa77Qb0Kw2i7LOFzjFNZbZaPH6AlMGlBwNrxaauaAg==}
    engines: {node: '>=10'}
    peerDependencies:
      '@swc/helpers': '>=0.5.17'
    peerDependenciesMeta:
      '@swc/helpers':
        optional: true

  '@swc/counter@0.1.3':
    resolution: {integrity: sha512-e2BR4lsJkkRlKZ/qCHPw9ZaSxc0MVUd7gtbtaB7aMvHeJVYe8sOB8DBZkP2DtISHGSku9sCK6T6cnY0CtXrOCQ==}

  '@swc/types@0.1.23':
    resolution: {integrity: sha512-u1iIVZV9Q0jxY+yM2vw/hZGDNudsN85bBpTqzAQ9rzkxW9D+e3aEM4Han+ow518gSewkXgjmEK0BD79ZcNVgPw==}

  '@swc/wasm@1.13.2':
    resolution: {integrity: sha512-iOOnBRjL4k8Yna/JTjOEOcn9bry0KiOnrOj8ztK/iUU1/SPWXnndX7l+Fa6ssGEOpnScLk5j9GthWX1kzMutTA==}

  '@tsconfig/svelte@5.0.4':
    resolution: {integrity: sha512-BV9NplVgLmSi4mwKzD8BD/NQ8erOY/nUE/GpgWe2ckx+wIQF5RyRirn/QsSSCPeulVpc3RA/iJt6DpfTIZps0Q==}

  '@types/estree@1.0.8':
    resolution: {integrity: sha512-dWHzHa2WqEXI/O1E9OjrocMTKJl2mSrEolh1Iomrv6U+JuNwaHXsXx9bLu5gG7BUWFIN0skIQJQ/L1rIex4X6w==}

  '@types/trusted-types@2.0.7':
    resolution: {integrity: sha512-ScaPdn1dQczgbl0QFTeTOmVHFULt394XJgOQNoyVhZ6r2vLnMLJfBPd53SB52T/3G36VI1/g2MZaX0cwDuXsfw==}

  acorn@8.15.0:
    resolution: {integrity: sha512-NZyJarBfL7nWwIq+FDL6Zp/yHEhePMNnnJ0y3qfieCrmNvYct8uvtiV41UvlSe6apAfk0fY1FbWx+NwfmpvtTg==}
    engines: {node: '>=0.4.0'}
    hasBin: true

  ansi-regex@5.0.1:
    resolution: {integrity: sha512-quJQXlTSUGL2LH9SUXo8VwsY4soanhgo6LNSm84E1LBcE8s3O0wpdiRzyR9z/ZZJMlMWv37qOOb9pdJlMUEKFQ==}
    engines: {node: '>=8'}

  ansi-styles@4.3.0:
    resolution: {integrity: sha512-zbB9rCJAT1rbjiVDb2hqKFHNYLxgtk8NURxZ3IZwD3F6NtxbXZQCnnSi1Lkx+IDohdPlFp222wVALIheZJQSEg==}
    engines: {node: '>=8'}

  aria-query@5.3.2:
    resolution: {integrity: sha512-COROpnaoap1E2F000S62r6A60uHZnmlvomhfyT2DlTcrY1OrBKn2UhH7qn5wTC9zMvD0AY7csdPSNwKP+7WiQw==}
    engines: {node: '>= 0.4'}

  axobject-query@4.1.0:
    resolution: {integrity: sha512-qIj0G9wZbMGNLjLmg1PT6v2mE9AH2zlnADJD/2tC6E00hgmhUOfEB6greHPAfLRSufHqROIUTkw6E+M3lH0PTQ==}
    engines: {node: '>= 0.4'}

  buffer-builder@0.2.0:
    resolution: {integrity: sha512-7VPMEPuYznPSoR21NE1zvd2Xna6c/CloiZCfcMXR1Jny6PjX0N4Nsa38zcBFo/FMK+BlA+FLKbJCQ0i2yxp+Xg==}

  canvas-confetti@1.9.3:
    resolution: {integrity: sha512-rFfTURMvmVEX1gyXFgn5QMn81bYk70qa0HLzcIOSVEyl57n6o9ItHeBtUSWdvKAPY0xlvBHno4/v3QPrT83q9g==}

  cliui@8.0.1:
    resolution: {integrity: sha512-BSeNnyus75C4//NQ9gQt1/csTXyo/8Sb+afLAkzAptFuMsod9HFokGNudZpi/oQV73hnVK+sR+5PVRMd+Dr7YQ==}
    engines: {node: '>=12'}

  clsx@2.1.1:
    resolution: {integrity: sha512-eYm0QWBtUrBWZWG0d386OGAw16Z995PiOVo2B7bjWSbHedGl5e0ZWaq65kOGgUSNesEIDkB9ISbTg/JK9dhCZA==}
    engines: {node: '>=6'}

  color-convert@2.0.1:
    resolution: {integrity: sha512-RRECPsj7iu/xb5oKYcsFHSppFNnsj/52OVTRKb4zP5onXwVF3zVmmToNcOfGC+CRDpfK/U584fMg38ZHCaElKQ==}
    engines: {node: '>=7.0.0'}

  color-name@1.1.4:
    resolution: {integrity: sha512-dOy+3AuW3a2wNbZHIuMZpTcgjGuLU/uBL/ubcZF9OXbDo8ff4O8yVp5Bf0efS8uEoYo5q4Fx7dY9OgQGXgAsQA==}

  colorjs.io@0.5.2:
    resolution: {integrity: sha512-twmVoizEW7ylZSN32OgKdXRmo1qg+wT5/6C3xu5b9QsWzSFAhHLn2xd8ro0diCsKfCj1RdaTP/nrcW+vAoQPIw==}

  debug@4.4.1:
    resolution: {integrity: sha512-KcKCqiftBJcZr++7ykoDIEwSa3XWowTfNPo92BYxjXiyYEVrUQh2aLyhxBCwww+heortUFxEJYcRzosstTEBYQ==}
    engines: {node: '>=6.0'}
    peerDependencies:
      supports-color: '*'
    peerDependenciesMeta:
      supports-color:
        optional: true

  deepmerge@4.3.1:
    resolution: {integrity: sha512-3sUqbMEc77XqpdNO7FRyRog+eW3ph+GYCbj+rK+uYyRMuwsVy0rMiVtPn+QJlKFvWP/1PYpapqYn0Me2knFn+A==}
    engines: {node: '>=0.10.0'}

  define-lazy-prop@2.0.0:
    resolution: {integrity: sha512-Ds09qNh8yw3khSjiJjiUInaGX9xlqZDY7JVryGxdxV7NPeuqQfplOpQ66yJFZut3jLa5zOwkXw1g9EI2uKh4Og==}
    engines: {node: '>=8'}

  diff@7.0.0:
    resolution: {integrity: sha512-PJWHUb1RFevKCwaFA9RlG5tCd+FO5iRh9A8HEtkmBH2Li03iJriB6m6JIN4rGz3K3JLawI7/veA1xzRKP6ISBw==}
    engines: {node: '>=0.3.1'}

  dompurify@3.2.6:
    resolution: {integrity: sha512-/2GogDQlohXPZe6D6NOgQvXLPSYBqIWMnZ8zzOhn09REE4eyAzb+Hed3jhoM9OkuaJ8P6ZGTTVWQKAi8ieIzfQ==}

  emoji-regex@8.0.0:
    resolution: {integrity: sha512-MSjYzcWNOA0ewAHpz0MxpYFvwg6yjy1NG3xteoqz644VCo/RPgnr1/GGt+ic3iJTzQ8Eu3TdM14SawnVUmGE6A==}

  esbuild@0.25.8:
    resolution: {integrity: sha512-vVC0USHGtMi8+R4Kz8rt6JhEWLxsv9Rnu/lGYbPR8u47B+DCBksq9JarW0zOO7bs37hyOK1l2/oqtbciutL5+Q==}
    engines: {node: '>=18'}
    hasBin: true

  escalade@3.2.0:
    resolution: {integrity: sha512-WUj2qlxaQtO4g6Pq5c29GTcWGDyd8itL8zTlipgECz3JesAiiOKotd8JU6otB3PACgG6xkJUyVhboMS+bje/jA==}
    engines: {node: '>=6'}

  esm-env@1.2.2:
    resolution: {integrity: sha512-Epxrv+Nr/CaL4ZcFGPJIYLWFom+YeV1DqMLHJoEd9SYRxNbaFruBwfEX/kkHUJf55j2+TUbmDcmuilbP1TmXHA==}

  esrap@2.1.0:
    resolution: {integrity: sha512-yzmPNpl7TBbMRC5Lj2JlJZNPml0tzqoqP5B1JXycNUwtqma9AKCO0M2wHrdgsHcy1WRW7S9rJknAMtByg3usgA==}

  fdir@6.4.6:
    resolution: {integrity: sha512-hiFoqpyZcfNm1yc4u8oWCf9A2c4D3QjCrks3zmoVKVxpQRzmPNar1hUJcBG2RQHvEVGDN+Jm81ZheVLAQMK6+w==}
    peerDependencies:
      picomatch: ^3 || ^4
    peerDependenciesMeta:
      picomatch:
        optional: true

  fsevents@2.3.3:
    resolution: {integrity: sha512-5xoDfX+fL7faATnagmWPpbFtwh/R77WmMMqqHGS65C3vvB0YHrgF+B1YmZ3441tMj5n63k0212XNoJwzlhffQw==}
    engines: {node: ^8.16.0 || ^10.6.0 || >=11.0.0}
    os: [darwin]

  get-caller-file@2.0.5:
    resolution: {integrity: sha512-DyFP3BM/3YHTQOCUL/w0OZHR0lpKeGrxotcHWcqNEdnltqFwXVfhEBQ94eIo34AfQpo0rGki4cyIiftY06h2Fg==}
    engines: {node: 6.* || 8.* || >= 10.*}

  has-flag@4.0.0:
    resolution: {integrity: sha512-EykJT/Q1KjTWctppgIAgfSO0tKVuZUjhgMr17kqTumMl6Afv3EISleU7qZUzoXDFTAHTDC4NOoG/ZxU3EvlMPQ==}
    engines: {node: '>=8'}

  he@1.2.0:
    resolution: {integrity: sha512-F/1DnUGPopORZi0ni+CvrCgHQ5FyEAHRLSApuYWMmrbSwoN2Mn/7k+Gl38gJnR7yyDZk6WLXwiGod1JOWNDKGw==}
    hasBin: true

  immutable@5.1.2:
    resolution: {integrity: sha512-qHKXW1q6liAk1Oys6umoaZbDRqjcjgSrbnrifHsfsttza7zcvRAsL7mMV6xWcyhwQy7Xj5v4hhbr6b+iDYwlmQ==}

  is-docker@2.2.1:
    resolution: {integrity: sha512-F+i2BKsFrH66iaUFc0woD8sLy8getkwTwtOBjvs56Cx4CgJDeKQeqfz8wAYiSb8JOprWhHH5p77PbmYCvvUuXQ==}
    engines: {node: '>=8'}
    hasBin: true

  is-fullwidth-code-point@3.0.0:
    resolution: {integrity: sha512-zymm5+u+sCsSWyD9qNaejV3DFvhCKclKdizYaJUuHA83RLjb7nSuGnddCHGv0hk+KY7BMAlsWeK4Ueg6EV6XQg==}
    engines: {node: '>=8'}

  is-reference@3.0.3:
    resolution: {integrity: sha512-ixkJoqQvAP88E6wLydLGGqCJsrFUnqoH6HnaczB8XmDH1oaWU+xxdptvikTgaEhtZ53Ky6YXiBuUI2WXLMCwjw==}

  is-wsl@2.2.0:
    resolution: {integrity: sha512-fKzAra0rGJUUBwGBgNkHZuToZcn+TtXHpeCgmkMJMMYx1sQDYaCSyjJBSCa2nH1DGm7s3n1oBnohoVTBaN7Lww==}
    engines: {node: '>=8'}

  kleur@4.1.5:
    resolution: {integrity: sha512-o+NO+8WrRiQEE4/7nwRJhN1HWpVmJm511pBHUxPLtp0BUISzlBplORYSmTclCnJvQq2tKu/sgl3xVpkc7ZWuQQ==}
    engines: {node: '>=6'}

  locate-character@3.0.0:
    resolution: {integrity: sha512-SW13ws7BjaeJ6p7Q6CO2nchbYEc3X3J6WrmTTDto7yMPqVSZTUyY5Tjbid+Ab8gLnATtygYtiDIJGQRRn2ZOiA==}

  magic-string@0.30.17:
    resolution: {integrity: sha512-sNPKHvyjVf7gyjwS4xGTaW/mCnF8wnjtifKBEhxfZ7E/S8tQ0rssrwGNn6q8JH/ohItJfSQp9mBtQYuTlH5QnA==}

  ms@2.1.3:
    resolution: {integrity: sha512-6FlzubTLZG3J2a/NVCAleEhjzq5oxgHyaCU9yYXvcLsvoVaHJq/s5xXI6/XXP6tz7R9xAOtHnSO/tXtF3WRTlA==}

  nanoid@3.3.11:
    resolution: {integrity: sha512-N8SpfPUnUp1bK+PMYW8qSWdl9U+wwNWI4QKxOYDy9JAro3WMX7p2OeVRF9v+347pnakNevPmiHhNmZ2HbFA76w==}
    engines: {node: ^10 || ^12 || ^13.7 || ^14 || >=15.0.1}
    hasBin: true

  open@8.4.2:
    resolution: {integrity: sha512-7x81NCL719oNbsq/3mh+hVrAWmFuEYUqrq/Iw3kUzH8ReypT9QQ0BLoJS7/G9k6N81XjW4qHWtjWwe/9eLy1EQ==}
    engines: {node: '>=12'}

  picocolors@1.1.1:
    resolution: {integrity: sha512-xceH2snhtb5M9liqDsmEw56le376mTZkEX/jEb/RxNFyegNul7eNslCXP9FDj/Lcu0X8KEyMceP2ntpaHrDEVA==}

  picomatch@4.0.2:
    resolution: {integrity: sha512-M7BAV6Rlcy5u+m6oPhAPFgJTzAioX/6B0DxyvDlo9l8+T3nLKbrczg2WLUyzd45L8RqfUMyGPzekbMvX2Ldkwg==}
    engines: {node: '>=12'}

  picomatch@4.0.3:
    resolution: {integrity: sha512-5gTmgEY/sqK6gFXLIsQNH19lWb4ebPDLA4SdLP7dsWkIXHWlG66oPuVvXSGFPppYZz8ZDZq0dYYrbHfBCVUb1Q==}
    engines: {node: '>=12'}

  postcss@8.5.6:
    resolution: {integrity: sha512-3Ybi1tAuwAP9s0r1UQ2J4n5Y0G05bJkpUIO0/bI9MhwmD70S5aTWbXGBwxHrelT+XM1k6dM0pk+SwNkpTRN7Pg==}
    engines: {node: ^10 || ^12 || >=14}

  require-directory@2.1.1:
    resolution: {integrity: sha512-fGxEI7+wsG9xrvdjsrlmL22OMTTiHRwAMroiEeMgq8gzoLC/PQr7RsRDSTLUg/bZAZtF+TVIkHc6/4RIKrui+Q==}
    engines: {node: '>=0.10.0'}

  rollup-plugin-visualizer@6.0.3:
    resolution: {integrity: sha512-ZU41GwrkDcCpVoffviuM9Clwjy5fcUxlz0oMoTXTYsK+tcIFzbdacnrr2n8TXcHxbGKKXtOdjxM2HUS4HjkwIw==}
    engines: {node: '>=18'}
    hasBin: true
    peerDependencies:
      rolldown: 1.x || ^1.0.0-beta
      rollup: 2.x || 3.x || 4.x
    peerDependenciesMeta:
      rolldown:
        optional: true
      rollup:
        optional: true

  rollup@4.45.3:
    resolution: {integrity: sha512-STwyHZF3G+CrmZhB+qDiROq9s8B5PrOCYN6dtmOvwz585XBnyeHk1GTEhHJtUVb355/9uZhOazyVclTt5uahzA==}
    engines: {node: '>=18.0.0', npm: '>=8.0.0'}
    hasBin: true

  rxjs@7.8.2:
    resolution: {integrity: sha512-dhKf903U/PQZY6boNNtAGdWbG85WAbjT/1xYoZIC7FAY0yWapOBQVsVrDl58W86//e1VpMNBtRV4MaXfdMySFA==}

  sass-embedded-android-arm64@1.89.2:
    resolution: {integrity: sha512-+pq7a7AUpItNyPu61sRlP6G2A8pSPpyazASb+8AK2pVlFayCSPAEgpwpCE9A2/Xj86xJZeMizzKUHxM2CBCUxA==}
    engines: {node: '>=14.0.0'}
    cpu: [arm64]
    os: [android]

  sass-embedded-android-arm@1.89.2:
    resolution: {integrity: sha512-oHAPTboBHRZlDBhyRB6dvDKh4KvFs+DZibDHXbkSI6dBZxMTT+Yb2ivocHnctVGucKTLQeT7+OM5DjWHyynL/A==}
    engines: {node: '>=14.0.0'}
    cpu: [arm]
    os: [android]

  sass-embedded-android-riscv64@1.89.2:
    resolution: {integrity: sha512-HfJJWp/S6XSYvlGAqNdakeEMPOdhBkj2s2lN6SHnON54rahKem+z9pUbCriUJfM65Z90lakdGuOfidY61R9TYg==}
    engines: {node: '>=14.0.0'}
    cpu: [riscv64]
    os: [android]

  sass-embedded-android-x64@1.89.2:
    resolution: {integrity: sha512-BGPzq53VH5z5HN8de6jfMqJjnRe1E6sfnCWFd4pK+CAiuM7iw5Fx6BQZu3ikfI1l2GY0y6pRXzsVLdp/j4EKEA==}
    engines: {node: '>=14.0.0'}
    cpu: [x64]
    os: [android]

  sass-embedded-darwin-arm64@1.89.2:
    resolution: {integrity: sha512-UCm3RL/tzMpG7DsubARsvGUNXC5pgfQvP+RRFJo9XPIi6elopY5B6H4m9dRYDpHA+scjVthdiDwkPYr9+S/KGw==}
    engines: {node: '>=14.0.0'}
    cpu: [arm64]
    os: [darwin]

  sass-embedded-darwin-x64@1.89.2:
    resolution: {integrity: sha512-D9WxtDY5VYtMApXRuhQK9VkPHB8R79NIIR6xxVlN2MIdEid/TZWi1MHNweieETXhWGrKhRKglwnHxxyKdJYMnA==}
    engines: {node: '>=14.0.0'}
    cpu: [x64]
    os: [darwin]

  sass-embedded-linux-arm64@1.89.2:
    resolution: {integrity: sha512-2N4WW5LLsbtrWUJ7iTpjvhajGIbmDR18ZzYRywHdMLpfdPApuHPMDF5CYzHbS+LLx2UAx7CFKBnj5LLjY6eFgQ==}
    engines: {node: '>=14.0.0'}
    cpu: [arm64]
    os: [linux]

  sass-embedded-linux-arm@1.89.2:
    resolution: {integrity: sha512-leP0t5U4r95dc90o8TCWfxNXwMAsQhpWxTkdtySDpngoqtTy3miMd7EYNYd1znI0FN1CBaUvbdCMbnbPwygDlA==}
    engines: {node: '>=14.0.0'}
    cpu: [arm]
    os: [linux]

  sass-embedded-linux-musl-arm64@1.89.2:
    resolution: {integrity: sha512-nTyuaBX6U1A/cG7WJh0pKD1gY8hbg1m2SnzsyoFG+exQ0lBX/lwTLHq3nyhF+0atv7YYhYKbmfz+sjPP8CZ9lw==}
    engines: {node: '>=14.0.0'}
    cpu: [arm64]
    os: [linux]

  sass-embedded-linux-musl-arm@1.89.2:
    resolution: {integrity: sha512-Z6gG2FiVEEdxYHRi2sS5VIYBmp17351bWtOCUZ/thBM66+e70yiN6Eyqjz80DjL8haRUegNQgy9ZJqsLAAmr9g==}
    engines: {node: '>=14.0.0'}
    cpu: [arm]
    os: [linux]

  sass-embedded-linux-musl-riscv64@1.89.2:
    resolution: {integrity: sha512-N6oul+qALO0SwGY8JW7H/Vs0oZIMrRMBM4GqX3AjM/6y8JsJRxkAwnfd0fDyK+aICMFarDqQonQNIx99gdTZqw==}
    engines: {node: '>=14.0.0'}
    cpu: [riscv64]
    os: [linux]

  sass-embedded-linux-musl-x64@1.89.2:
    resolution: {integrity: sha512-K+FmWcdj/uyP8GiG9foxOCPfb5OAZG0uSVq80DKgVSC0U44AdGjvAvVZkrgFEcZ6cCqlNC2JfYmslB5iqdL7tg==}
    engines: {node: '>=14.0.0'}
    cpu: [x64]
    os: [linux]

  sass-embedded-linux-riscv64@1.89.2:
    resolution: {integrity: sha512-g9nTbnD/3yhOaskeqeBQETbtfDQWRgsjHok6bn7DdAuwBsyrR3JlSFyqKc46pn9Xxd9SQQZU8AzM4IR+sY0A0w==}
    engines: {node: '>=14.0.0'}
    cpu: [riscv64]
    os: [linux]

  sass-embedded-linux-x64@1.89.2:
    resolution: {integrity: sha512-Ax7dKvzncyQzIl4r7012KCMBvJzOz4uwSNoyoM5IV6y5I1f5hEwI25+U4WfuTqdkv42taCMgpjZbh9ERr6JVMQ==}
    engines: {node: '>=14.0.0'}
    cpu: [x64]
    os: [linux]

  sass-embedded-win32-arm64@1.89.2:
    resolution: {integrity: sha512-j96iJni50ZUsfD6tRxDQE2QSYQ2WrfHxeiyAXf41Kw0V4w5KYR/Sf6rCZQLMTUOHnD16qTMVpQi20LQSqf4WGg==}
    engines: {node: '>=14.0.0'}
    cpu: [arm64]
    os: [win32]

  sass-embedded-win32-x64@1.89.2:
    resolution: {integrity: sha512-cS2j5ljdkQsb4PaORiClaVYynE9OAPZG/XjbOMxpQmjRIf7UroY4PEIH+Waf+y47PfXFX9SyxhYuw2NIKGbEng==}
    engines: {node: '>=14.0.0'}
    cpu: [x64]
    os: [win32]

  sass-embedded@1.89.2:
    resolution: {integrity: sha512-Ack2K8rc57kCFcYlf3HXpZEJFNUX8xd8DILldksREmYXQkRHI879yy8q4mRDJgrojkySMZqmmmW1NxrFxMsYaA==}
    engines: {node: '>=16.0.0'}
    hasBin: true

  source-map-js@1.2.1:
    resolution: {integrity: sha512-UXWMKhLOwVKb728IUtQPXxfYU+usdybtUrK/8uGE8CQMvrhOpwvzDBwj0QhSL7MQc7vIsISBG8VQ8+IDQxpfQA==}
    engines: {node: '>=0.10.0'}

  source-map@0.7.4:
    resolution: {integrity: sha512-l3BikUxvPOcn5E74dZiq5BGsTb5yEwhaTSzccU6t4sDOH8NWJCstKO5QT2CvtFoK6F0saL7p9xHAqHOlCPJygA==}
    engines: {node: '>= 8'}

  string-width@4.2.3:
    resolution: {integrity: sha512-wKyQRQpjJ0sIp62ErSZdGsjMJWsap5oRNihHhu6G7JVO/9jIB6UyevL+tXuOqrng8j/cxKTWyWUwvSTriiZz/g==}
    engines: {node: '>=8'}

  strip-ansi@6.0.1:
    resolution: {integrity: sha512-Y38VPSHcqkFrCpFnQ9vuSXmquuv5oXOKpGeT6aGrr3o3Gc9AlVa6JBfUSOCnbxGGZF+/0ooI7KrPuUSztUdU5A==}
    engines: {node: '>=8'}

  supports-color@8.1.1:
    resolution: {integrity: sha512-MpUEN2OodtUzxvKQl72cUF7RQ5EiHsGvSsVG0ia9c5RbWGL2CI4C7EpPS8UTBIplnlzZiNuV56w+FuNxy3ty2Q==}
    engines: {node: '>=10'}

  svelte-icons-pack@3.1.3:
    resolution: {integrity: sha512-sJ/ZiFkbim5zfU+T8V/kEendOluEYtJ7rp207Gc2c/NFgaj4CvWScUbuiByZrdf3Xm8n731Fug36IiXuLTkR9A==}
    peerDependencies:
      svelte: ^3.44.0 || ^4.0.0 || ^5.0.0-next.1

  svelte@5.36.17:
    resolution: {integrity: sha512-yxJVoHo3Km6+BlQLO3MXrhpZ8eeBuy/UOvEKLkmyQ8QmMFIkL0Hxs+DdmHBgAJazkc9o91TkTPgP6CvGenU1Ig==}
    engines: {node: '>=18'}

  sync-child-process@1.0.2:
    resolution: {integrity: sha512-8lD+t2KrrScJ/7KXCSyfhT3/hRq78rC0wBFqNJXv3mZyn6hW2ypM05JmlSvtqRbeq6jqA94oHbxAr2vYsJ8vDA==}
    engines: {node: '>=16.0.0'}

  sync-message-port@1.1.3:
    resolution: {integrity: sha512-GTt8rSKje5FilG+wEdfCkOcLL7LWqpMlr2c3LRuKt/YXxcJ52aGSbGBAdI4L3aaqfrBt6y711El53ItyH1NWzg==}
    engines: {node: '>=16.0.0'}

  tinyglobby@0.2.14:
    resolution: {integrity: sha512-tX5e7OM1HnYr2+a2C/4V0htOcSQcoSTH9KgJnVvNm5zm/cyEWKJ7j7YutsH9CxMdtOkkLFy2AHrMci9IM8IPZQ==}
    engines: {node: '>=12.0.0'}

  tslib@2.8.1:
    resolution: {integrity: sha512-oJFu94HQb+KVduSUQL7wnpmqnfmLsOA/nAh6b6EH0wCEoK0/mPeXU6c3wKDV83MkOuHPRHtSXKKU99IBazS/2w==}

  uuid@10.0.0:
    resolution: {integrity: sha512-8XkAphELsDnEGrDxUOHB3RGvXz6TeuYSGEZBOjtTtPm2lwhGBjLgOzLHB63IUWfBpNucQjND6d3AOudO+H3RWQ==}
    hasBin: true

  varint@6.0.0:
    resolution: {integrity: sha512-cXEIW6cfr15lFv563k4GuVuW/fiwjknytD37jIOLSdSWuOI6WnO/oKwmP2FQTU2l01LP8/M5TSAJpzUaGe3uWg==}

  vite-plugin-top-level-await@1.6.0:
    resolution: {integrity: sha512-bNhUreLamTIkoulCR9aDXbTbhLk6n1YE8NJUTTxl5RYskNRtzOR0ASzSjBVRtNdjIfngDXo11qOsybGLNsrdww==}
    peerDependencies:
      vite: '>=2.8'

  vite-plugin-wasm@3.5.0:
    resolution: {integrity: sha512-X5VWgCnqiQEGb+omhlBVsvTfxikKtoOgAzQ95+BZ8gQ+VfMHIjSHr0wyvXFQCa0eKQ0fKyaL0kWcEnYqBac4lQ==}
    peerDependencies:
      vite: ^2 || ^3 || ^4 || ^5 || ^6 || ^7

  vite@7.0.6:
    resolution: {integrity: sha512-MHFiOENNBd+Bd9uvc8GEsIzdkn1JxMmEeYX35tI3fv0sJBUTfW5tQsoaOwuY4KhBI09A3dUJ/DXf2yxPVPUceg==}
    engines: {node: ^20.19.0 || >=22.12.0}
    hasBin: true
    peerDependencies:
      '@types/node': ^20.19.0 || >=22.12.0
      jiti: '>=1.21.0'
      less: ^4.0.0
      lightningcss: ^1.21.0
      sass: ^1.70.0
      sass-embedded: ^1.70.0
      stylus: '>=0.54.8'
      sugarss: ^5.0.0
      terser: ^5.16.0
      tsx: ^4.8.1
      yaml: ^2.4.2
    peerDependenciesMeta:
      '@types/node':
        optional: true
      jiti:
        optional: true
      less:
        optional: true
      lightningcss:
        optional: true
      sass:
        optional: true
      sass-embedded:
        optional: true
      stylus:
        optional: true
      sugarss:
        optional: true
      terser:
        optional: true
      tsx:
        optional: true
      yaml:
        optional: true

  vitefu@1.1.1:
    resolution: {integrity: sha512-B/Fegf3i8zh0yFbpzZ21amWzHmuNlLlmJT6n7bu5e+pCHUKQIfXSYokrqOBGEMMe9UG2sostKQF9mml/vYaWJQ==}
    peerDependencies:
      vite: ^3.0.0 || ^4.0.0 || ^5.0.0 || ^6.0.0 || ^7.0.0-beta.0
    peerDependenciesMeta:
      vite:
        optional: true

  wrap-ansi@7.0.0:
    resolution: {integrity: sha512-YVGIj2kamLSTxw6NsZjoBxfSwsn0ycdesmc4p+Q21c5zPuZ1pl+NfxVdxPtdHvmNVOQ6XSYG4AUtyt/Fi7D16Q==}
    engines: {node: '>=10'}

  y18n@5.0.8:
    resolution: {integrity: sha512-0pfFzegeDWJHJIAmTLRP2DwHjdF5s7jo9tuztdQxAhINCdvS+3nGINqPd00AphqJR/0LhANUS6/+7SCb98YOfA==}
    engines: {node: '>=10'}

  yargs-parser@21.1.1:
    resolution: {integrity: sha512-tVpsJW7DdjecAiFpbIB1e3qxIQsE6NoPc5/eTdrbbIC4h0LVsWhnoa3g+m2HclBIujHzsxZ4VJVA+GUuc2/LBw==}
    engines: {node: '>=12'}

  yargs@17.7.2:
    resolution: {integrity: sha512-7dSzzRQ++CKnNI/krKnYRV7JKKPUXMEh61soaHKg9mrWEhzFWhFnxPxGl+69cD1Ou63C13NUPCnmIcrvqCuM6w==}
    engines: {node: '>=12'}

  zimmerframe@1.1.2:
    resolution: {integrity: sha512-rAbqEGa8ovJy4pyBxZM70hg4pE6gDgaQ0Sl9M3enG3I0d6H4XSAM3GeNGLKnsBpuijUow064sf7ww1nutC5/3w==}

snapshots:

  '@ampproject/remapping@2.3.0':
    dependencies:
      '@jridgewell/gen-mapping': 0.3.12
      '@jridgewell/trace-mapping': 0.3.29

  '@bearcove/home-base@12.1.0':
    dependencies:
      canvas-confetti: 1.9.3
      debug: 4.4.1
      diff: 7.0.0
      dompurify: 3.2.6
      he: 1.2.0
      svelte: 5.36.17
      svelte-icons-pack: 3.1.3(svelte@5.36.17)
    transitivePeerDependencies:
      - supports-color

  '@bufbuild/protobuf@2.5.2': {}

  '@esbuild/aix-ppc64@0.25.8':
    optional: true

  '@esbuild/android-arm64@0.25.8':
    optional: true

  '@esbuild/android-arm@0.25.8':
    optional: true

  '@esbuild/android-x64@0.25.8':
    optional: true

  '@esbuild/darwin-arm64@0.25.8':
    optional: true

  '@esbuild/darwin-x64@0.25.8':
    optional: true

  '@esbuild/freebsd-arm64@0.25.8':
    optional: true

  '@esbuild/freebsd-x64@0.25.8':
    optional: true

  '@esbuild/linux-arm64@0.25.8':
    optional: true

  '@esbuild/linux-arm@0.25.8':
    optional: true

  '@esbuild/linux-ia32@0.25.8':
    optional: true

  '@esbuild/linux-loong64@0.25.8':
    optional: true

  '@esbuild/linux-mips64el@0.25.8':
    optional: true

  '@esbuild/linux-ppc64@0.25.8':
    optional: true

  '@esbuild/linux-riscv64@0.25.8':
    optional: true

  '@esbuild/linux-s390x@0.25.8':
    optional: true

  '@esbuild/linux-x64@0.25.8':
    optional: true

  '@esbuild/netbsd-arm64@0.25.8':
    optional: true

  '@esbuild/netbsd-x64@0.25.8':
    optional: true

  '@esbuild/openbsd-arm64@0.25.8':
    optional: true

  '@esbuild/openbsd-x64@0.25.8':
    optional: true

  '@esbuild/openharmony-arm64@0.25.8':
    optional: true

  '@esbuild/sunos-x64@0.25.8':
    optional: true

  '@esbuild/win32-arm64@0.25.8':
    optional: true

  '@esbuild/win32-ia32@0.25.8':
    optional: true

  '@esbuild/win32-x64@0.25.8':
    optional: true

  '@jridgewell/gen-mapping@0.3.12':
    dependencies:
      '@jridgewell/sourcemap-codec': 1.5.4
      '@jridgewell/trace-mapping': 0.3.29

  '@jridgewell/resolve-uri@3.1.2': {}

  '@jridgewell/sourcemap-codec@1.5.4': {}

  '@jridgewell/trace-mapping@0.3.29':
    dependencies:
      '@jridgewell/resolve-uri': 3.1.2
      '@jridgewell/sourcemap-codec': 1.5.4

  '@rollup/plugin-virtual@3.0.2(rollup@4.45.3)':
    optionalDependencies:
      rollup: 4.45.3

  '@rollup/rollup-android-arm-eabi@4.45.3':
    optional: true

  '@rollup/rollup-android-arm64@4.45.3':
    optional: true

  '@rollup/rollup-darwin-arm64@4.45.3':
    optional: true

  '@rollup/rollup-darwin-x64@4.45.3':
    optional: true

  '@rollup/rollup-freebsd-arm64@4.45.3':
    optional: true

  '@rollup/rollup-freebsd-x64@4.45.3':
    optional: true

  '@rollup/rollup-linux-arm-gnueabihf@4.45.3':
    optional: true

  '@rollup/rollup-linux-arm-musleabihf@4.45.3':
    optional: true

  '@rollup/rollup-linux-arm64-gnu@4.45.3':
    optional: true

  '@rollup/rollup-linux-arm64-musl@4.45.3':
    optional: true

  '@rollup/rollup-linux-loongarch64-gnu@4.45.3':
    optional: true

  '@rollup/rollup-linux-ppc64-gnu@4.45.3':
    optional: true

  '@rollup/rollup-linux-riscv64-gnu@4.45.3':
    optional: true

  '@rollup/rollup-linux-riscv64-musl@4.45.3':
    optional: true

  '@rollup/rollup-linux-s390x-gnu@4.45.3':
    optional: true

  '@rollup/rollup-linux-x64-gnu@4.45.3':
    optional: true

  '@rollup/rollup-linux-x64-musl@4.45.3':
    optional: true

  '@rollup/rollup-win32-arm64-msvc@4.45.3':
    optional: true

  '@rollup/rollup-win32-ia32-msvc@4.45.3':
    optional: true

  '@rollup/rollup-win32-x64-msvc@4.45.3':
    optional: true

  '@sveltejs/acorn-typescript@1.0.5(acorn@8.15.0)':
    dependencies:
      acorn: 8.15.0

  '@sveltejs/vite-plugin-svelte-inspector@5.0.0(@sveltejs/vite-plugin-svelte@6.1.0(svelte@5.36.17)(vite@7.0.6(sass-embedded@1.89.2)))(svelte@5.36.17)(vite@7.0.6(sass-embedded@1.89.2))':
    dependencies:
      '@sveltejs/vite-plugin-svelte': 6.1.0(svelte@5.36.17)(vite@7.0.6(sass-embedded@1.89.2))
      debug: 4.4.1
      svelte: 5.36.17
      vite: 7.0.6(sass-embedded@1.89.2)
    transitivePeerDependencies:
      - supports-color

  '@sveltejs/vite-plugin-svelte@6.1.0(svelte@5.36.17)(vite@7.0.6(sass-embedded@1.89.2))':
    dependencies:
      '@sveltejs/vite-plugin-svelte-inspector': 5.0.0(@sveltejs/vite-plugin-svelte@6.1.0(svelte@5.36.17)(vite@7.0.6(sass-embedded@1.89.2)))(svelte@5.36.17)(vite@7.0.6(sass-embedded@1.89.2))
      debug: 4.4.1
      deepmerge: 4.3.1
      kleur: 4.1.5
      magic-string: 0.30.17
      svelte: 5.36.17
      vite: 7.0.6(sass-embedded@1.89.2)
      vitefu: 1.1.1(vite@7.0.6(sass-embedded@1.89.2))
    transitivePeerDependencies:
      - supports-color

  '@swc/core-darwin-arm64@1.13.2':
    optional: true

  '@swc/core-darwin-x64@1.13.2':
    optional: true

  '@swc/core-linux-arm-gnueabihf@1.13.2':
    optional: true

  '@swc/core-linux-arm64-gnu@1.13.2':
    optional: true

  '@swc/core-linux-arm64-musl@1.13.2':
    optional: true

  '@swc/core-linux-x64-gnu@1.13.2':
    optional: true

  '@swc/core-linux-x64-musl@1.13.2':
    optional: true

  '@swc/core-win32-arm64-msvc@1.13.2':
    optional: true

  '@swc/core-win32-ia32-msvc@1.13.2':
    optional: true

  '@swc/core-win32-x64-msvc@1.13.2':
    optional: true

  '@swc/core@1.13.2':
    dependencies:
      '@swc/counter': 0.1.3
      '@swc/types': 0.1.23
    optionalDependencies:
      '@swc/core-darwin-arm64': 1.13.2
      '@swc/core-darwin-x64': 1.13.2
      '@swc/core-linux-arm-gnueabihf': 1.13.2
      '@swc/core-linux-arm64-gnu': 1.13.2
      '@swc/core-linux-arm64-musl': 1.13.2
      '@swc/core-linux-x64-gnu': 1.13.2
      '@swc/core-linux-x64-musl': 1.13.2
      '@swc/core-win32-arm64-msvc': 1.13.2
      '@swc/core-win32-ia32-msvc': 1.13.2
      '@swc/core-win32-x64-msvc': 1.13.2

  '@swc/counter@0.1.3': {}

  '@swc/types@0.1.23':
    dependencies:
      '@swc/counter': 0.1.3

  '@swc/wasm@1.13.2': {}

  '@tsconfig/svelte@5.0.4': {}

  '@types/estree@1.0.8': {}

  '@types/trusted-types@2.0.7':
    optional: true

  acorn@8.15.0: {}

  ansi-regex@5.0.1: {}

  ansi-styles@4.3.0:
    dependencies:
      color-convert: 2.0.1

  aria-query@5.3.2: {}

  axobject-query@4.1.0: {}

  buffer-builder@0.2.0: {}

  canvas-confetti@1.9.3: {}

  cliui@8.0.1:
    dependencies:
      string-width: 4.2.3
      strip-ansi: 6.0.1
      wrap-ansi: 7.0.0

  clsx@2.1.1: {}

  color-convert@2.0.1:
    dependencies:
      color-name: 1.1.4

  color-name@1.1.4: {}

  colorjs.io@0.5.2: {}

  debug@4.4.1:
    dependencies:
      ms: 2.1.3

  deepmerge@4.3.1: {}

  define-lazy-prop@2.0.0: {}

  diff@7.0.0: {}

  dompurify@3.2.6:
    optionalDependencies:
      '@types/trusted-types': 2.0.7

  emoji-regex@8.0.0: {}

  esbuild@0.25.8:
    optionalDependencies:
      '@esbuild/aix-ppc64': 0.25.8
      '@esbuild/android-arm': 0.25.8
      '@esbuild/android-arm64': 0.25.8
      '@esbuild/android-x64': 0.25.8
      '@esbuild/darwin-arm64': 0.25.8
      '@esbuild/darwin-x64': 0.25.8
      '@esbuild/freebsd-arm64': 0.25.8
      '@esbuild/freebsd-x64': 0.25.8
      '@esbuild/linux-arm': 0.25.8
      '@esbuild/linux-arm64': 0.25.8
      '@esbuild/linux-ia32': 0.25.8
      '@esbuild/linux-loong64': 0.25.8
      '@esbuild/linux-mips64el': 0.25.8
      '@esbuild/linux-ppc64': 0.25.8
      '@esbuild/linux-riscv64': 0.25.8
      '@esbuild/linux-s390x': 0.25.8
      '@esbuild/linux-x64': 0.25.8
      '@esbuild/netbsd-arm64': 0.25.8
      '@esbuild/netbsd-x64': 0.25.8
      '@esbuild/openbsd-arm64': 0.25.8
      '@esbuild/openbsd-x64': 0.25.8
      '@esbuild/openharmony-arm64': 0.25.8
      '@esbuild/sunos-x64': 0.25.8
      '@esbuild/win32-arm64': 0.25.8
      '@esbuild/win32-ia32': 0.25.8
      '@esbuild/win32-x64': 0.25.8

  escalade@3.2.0: {}

  esm-env@1.2.2: {}

  esrap@2.1.0:
    dependencies:
      '@jridgewell/sourcemap-codec': 1.5.4

  fdir@6.4.6(picomatch@4.0.3):
    optionalDependencies:
      picomatch: 4.0.3

  fsevents@2.3.3:
    optional: true

  get-caller-file@2.0.5: {}

  has-flag@4.0.0: {}

  he@1.2.0: {}

  immutable@5.1.2: {}

  is-docker@2.2.1: {}

  is-fullwidth-code-point@3.0.0: {}

  is-reference@3.0.3:
    dependencies:
      '@types/estree': 1.0.8

  is-wsl@2.2.0:
    dependencies:
      is-docker: 2.2.1

  kleur@4.1.5: {}

  locate-character@3.0.0: {}

  magic-string@0.30.17:
    dependencies:
      '@jridgewell/sourcemap-codec': 1.5.4

  ms@2.1.3: {}

  nanoid@3.3.11: {}

  open@8.4.2:
    dependencies:
      define-lazy-prop: 2.0.0
      is-docker: 2.2.1
      is-wsl: 2.2.0

  picocolors@1.1.1: {}

  picomatch@4.0.2: {}

  picomatch@4.0.3: {}

  postcss@8.5.6:
    dependencies:
      nanoid: 3.3.11
      picocolors: 1.1.1
      source-map-js: 1.2.1

  require-directory@2.1.1: {}

  rollup-plugin-visualizer@6.0.3(rollup@4.45.3):
    dependencies:
      open: 8.4.2
      picomatch: 4.0.2
      source-map: 0.7.4
      yargs: 17.7.2
    optionalDependencies:
      rollup: 4.45.3

  rollup@4.45.3:
    dependencies:
      '@types/estree': 1.0.8
    optionalDependencies:
      '@rollup/rollup-android-arm-eabi': 4.45.3
      '@rollup/rollup-android-arm64': 4.45.3
      '@rollup/rollup-darwin-arm64': 4.45.3
      '@rollup/rollup-darwin-x64': 4.45.3
      '@rollup/rollup-freebsd-arm64': 4.45.3
      '@rollup/rollup-freebsd-x64': 4.45.3
      '@rollup/rollup-linux-arm-gnueabihf': 4.45.3
      '@rollup/rollup-linux-arm-musleabihf': 4.45.3
      '@rollup/rollup-linux-arm64-gnu': 4.45.3
      '@rollup/rollup-linux-arm64-musl': 4.45.3
      '@rollup/rollup-linux-loongarch64-gnu': 4.45.3
      '@rollup/rollup-linux-ppc64-gnu': 4.45.3
      '@rollup/rollup-linux-riscv64-gnu': 4.45.3
      '@rollup/rollup-linux-riscv64-musl': 4.45.3
      '@rollup/rollup-linux-s390x-gnu': 4.45.3
      '@rollup/rollup-linux-x64-gnu': 4.45.3
      '@rollup/rollup-linux-x64-musl': 4.45.3
      '@rollup/rollup-win32-arm64-msvc': 4.45.3
      '@rollup/rollup-win32-ia32-msvc': 4.45.3
      '@rollup/rollup-win32-x64-msvc': 4.45.3
      fsevents: 2.3.3

  rxjs@7.8.2:
    dependencies:
      tslib: 2.8.1

  sass-embedded-android-arm64@1.89.2:
    optional: true

  sass-embedded-android-arm@1.89.2:
    optional: true

  sass-embedded-android-riscv64@1.89.2:
    optional: true

  sass-embedded-android-x64@1.89.2:
    optional: true

  sass-embedded-darwin-arm64@1.89.2:
    optional: true

  sass-embedded-darwin-x64@1.89.2:
    optional: true

  sass-embedded-linux-arm64@1.89.2:
    optional: true

  sass-embedded-linux-arm@1.89.2:
    optional: true

  sass-embedded-linux-musl-arm64@1.89.2:
    optional: true

  sass-embedded-linux-musl-arm@1.89.2:
    optional: true

  sass-embedded-linux-musl-riscv64@1.89.2:
    optional: true

  sass-embedded-linux-musl-x64@1.89.2:
    optional: true

  sass-embedded-linux-riscv64@1.89.2:
    optional: true

  sass-embedded-linux-x64@1.89.2:
    optional: true

  sass-embedded-win32-arm64@1.89.2:
    optional: true

  sass-embedded-win32-x64@1.89.2:
    optional: true

  sass-embedded@1.89.2:
    dependencies:
      '@bufbuild/protobuf': 2.5.2
      buffer-builder: 0.2.0
      colorjs.io: 0.5.2
      immutable: 5.1.2
      rxjs: 7.8.2
      supports-color: 8.1.1
      sync-child-process: 1.0.2
      varint: 6.0.0
    optionalDependencies:
      sass-embedded-android-arm: 1.89.2
      sass-embedded-android-arm64: 1.89.2
      sass-embedded-android-riscv64: 1.89.2
      sass-embedded-android-x64: 1.89.2
      sass-embedded-darwin-arm64: 1.89.2
      sass-embedded-darwin-x64: 1.89.2
      sass-embedded-linux-arm: 1.89.2
      sass-embedded-linux-arm64: 1.89.2
      sass-embedded-linux-musl-arm: 1.89.2
      sass-embedded-linux-musl-arm64: 1.89.2
      sass-embedded-linux-musl-riscv64: 1.89.2
      sass-embedded-linux-musl-x64: 1.89.2
      sass-embedded-linux-riscv64: 1.89.2
      sass-embedded-linux-x64: 1.89.2
      sass-embedded-win32-arm64: 1.89.2
      sass-embedded-win32-x64: 1.89.2

  source-map-js@1.2.1: {}

  source-map@0.7.4: {}

  string-width@4.2.3:
    dependencies:
      emoji-regex: 8.0.0
      is-fullwidth-code-point: 3.0.0
      strip-ansi: 6.0.1

  strip-ansi@6.0.1:
    dependencies:
      ansi-regex: 5.0.1

  supports-color@8.1.1:
    dependencies:
      has-flag: 4.0.0

  svelte-icons-pack@3.1.3(svelte@5.36.17):
    dependencies:
      svelte: 5.36.17

  svelte@5.36.17:
    dependencies:
      '@ampproject/remapping': 2.3.0
      '@jridgewell/sourcemap-codec': 1.5.4
      '@sveltejs/acorn-typescript': 1.0.5(acorn@8.15.0)
      '@types/estree': 1.0.8
      acorn: 8.15.0
      aria-query: 5.3.2
      axobject-query: 4.1.0
      clsx: 2.1.1
      esm-env: 1.2.2
      esrap: 2.1.0
      is-reference: 3.0.3
      locate-character: 3.0.0
      magic-string: 0.30.17
      zimmerframe: 1.1.2

  sync-child-process@1.0.2:
    dependencies:
      sync-message-port: 1.1.3

  sync-message-port@1.1.3: {}

  tinyglobby@0.2.14:
    dependencies:
      fdir: 6.4.6(picomatch@4.0.3)
      picomatch: 4.0.3

  tslib@2.8.1: {}

  uuid@10.0.0: {}

  varint@6.0.0: {}

  vite-plugin-top-level-await@1.6.0(rollup@4.45.3)(vite@7.0.6(sass-embedded@1.89.2)):
    dependencies:
      '@rollup/plugin-virtual': 3.0.2(rollup@4.45.3)
      '@swc/core': 1.13.2
      '@swc/wasm': 1.13.2
      uuid: 10.0.0
      vite: 7.0.6(sass-embedded@1.89.2)
    transitivePeerDependencies:
      - '@swc/helpers'
      - rollup

  vite-plugin-wasm@3.5.0(vite@7.0.6(sass-embedded@1.89.2)):
    dependencies:
      vite: 7.0.6(sass-embedded@1.89.2)

  vite@7.0.6(sass-embedded@1.89.2):
    dependencies:
      esbuild: 0.25.8
      fdir: 6.4.6(picomatch@4.0.3)
      picomatch: 4.0.3
      postcss: 8.5.6
      rollup: 4.45.3
      tinyglobby: 0.2.14
    optionalDependencies:
      fsevents: 2.3.3
      sass-embedded: 1.89.2

  vitefu@1.1.1(vite@7.0.6(sass-embedded@1.89.2)):
    optionalDependencies:
      vite: 7.0.6(sass-embedded@1.89.2)

  wrap-ansi@7.0.0:
    dependencies:
      ansi-styles: 4.3.0
      string-width: 4.2.3
      strip-ansi: 6.0.1

  y18n@5.0.8: {}

  yargs-parser@21.1.1: {}

  yargs@17.7.2:
    dependencies:
      cliui: 8.0.1
      escalade: 3.2.0
      get-caller-file: 2.0.5
      require-directory: 2.1.1
      string-width: 4.2.3
      y18n: 5.0.8
      yargs-parser: 21.1.1

  zimmerframe@1.1.2: {}
